
Microsoft Visual Studio Solution File, Format Version 12.00
# Visual Studio Version 17
VisualStudioVersion = 17.5.33530.505
MinimumVisualStudioVersion = 10.0.40219.1
Project("{9A19103F-16F7-4668-BE54-9A1E7A4F7556}") = "NeuralNetwork", "NeuralNetwork\NeuralNetwork.csproj", "{B31D139B-03B6-4A82-9184-4B26A2C01118}"
EndProject
Project("{9A19103F-16F7-4668-BE54-9A1E7A4F7556}") = "GeneticAlgorithm", "GeneticAlgorithm\GeneticAlgorithm.csproj", "{683321F3-3B12-442C-A0D0-11164B35B9EB}"
EndProject
Project("{9A19103F-16F7-4668-BE54-9A1E7A4F7556}") = "CSV-trainer.Core", "CSV-trainer.Core\CSV-trainer.Core.csproj", "{6C13A34E-8DE0-411D-9563-6E6B27398050}"
EndProject
Global
	GlobalSection(SolutionConfigurationPlatforms) = preSolution
		Debug|Any CPU = Debug|Any CPU
		Release|Any CPU = Release|Any CPU
	EndGlobalSection
	GlobalSection(ProjectConfigurationPlatforms) = postSolution
		{B31D139B-03B6-4A82-9184-4B26A2C01118}.Debug|Any CPU.ActiveCfg = Debug|Any CPU
		{B31D139B-03B6-4A82-9184-4B26A2C01118}.Debug|Any CPU.Build.0 = Debug|Any CPU
		{B31D139B-03B6-4A82-9184-4B26A2C01118}.Release|Any CPU.ActiveCfg = Release|Any CPU
		{B31D139B-03B6-4A82-9184-4B26A2C01118}.Release|Any CPU.Build.0 = Release|Any CPU
		{683321F3-3B12-442C-A0D0-11164B35B9EB}.Debug|Any CPU.ActiveCfg = Debug|Any CPU
		{683321F3-3B12-442C-A0D0-11164B35B9EB}.Debug|Any CPU.Build.0 = Debug|Any CPU
		{683321F3-3B12-442C-A0D0-11164B35B9EB}.Release|Any CPU.ActiveCfg = Release|Any CPU
		{683321F3-3B12-442C-A0D0-11164B35B9EB}.Release|Any CPU.Build.0 = Release|Any CPU
		{6C13A34E-8DE0-411D-9563-6E6B27398050}.Debug|Any CPU.ActiveCfg = Debug|Any CPU
		{6C13A34E-8DE0-411D-9563-6E6B27398050}.Debug|Any CPU.Build.0 = Debug|Any CPU
		{6C13A34E-8DE0-411D-9563-6E6B27398050}.Release|Any CPU.ActiveCfg = Release|Any CPU
		{6C13A34E-8DE0-411D-9563-6E6B27398050}.Release|Any CPU.Build.0 = Release|Any CPU
	EndGlobalSection
	GlobalSection(SolutionProperties) = preSolution
		HideSolutionNode = FALSE
	EndGlobalSection
	GlobalSection(ExtensibilityGlobals) = postSolution
		SolutionGuid = {5F8188EF-DF70-4584-9F7E-DC3D9E6E3AFF}
	EndGlobalSection
EndGlobal
